# This file is autogenerated, do not edit; changes may be undone by the next 'dep ensure'.


[[projects]]
  name = "github.com/dghubble/sling"
  packages = ["."]
  revision = "e2624bf29a7de45ab0802b09aea94ca0a7815c5f"
  version = "v1.2.0"

[[projects]]
  name = "github.com/google/go-querystring"
  packages = ["query"]
  revision = "44c6ddd0a2342c386950e880b658017258da92fc"
  version = "v1.0.0"

[[projects]]
  branch = "newbruno"
  name = "github.com/jasonodonnell/brunobot"
  packages = ["dota"]
  revision = "0b273dcef31866c2ec031356ac3c32d851632941"

[[projects]]
  branch = "master"
  name = "github.com/jasonodonnell/go-opendota"
  packages = ["."]
  revision = "f59a4b17c968d52a6c054120282bb38627d6b416"

[[projects]]
  name = "github.com/konsorten/go-windows-terminal-sequences"
  packages = ["."]
  revision = "5c8c8bd35d3832f5d134ae1e1e375b69a4d25242"
  version = "v1.0.1"

[[projects]]
  name = "github.com/sirupsen/logrus"
  packages = ["."]
  revision = "e1e72e9de974bd926e5c56f83753fba2df402ce5"
  version = "v1.3.0"

[[projects]]
  branch = "master"
  name = "golang.org/x/crypto"
  packages = ["ssh/terminal"]
  revision = "057139ce5d2bdbe6fe73c53679e24e9cf007f637"

[[projects]]
  branch = "master"
  name = "golang.org/x/sys"
  packages = ["unix","windows"]
  revision = "b90733256f2e882e81d52f9126de08df5615afd9"

[solve-meta]
  analyzer-name = "dep"
  analyzer-version = 1
  inputs-digest = "e1f16be12b2f35ed500b0f82037b05ac942126296f259e4e58c2462731dd2902"
  solver-name = "gps-cdcl"
  solver-version = 1
